
Microsoft Visual Studio Solution File, Format Version 12.00
# Visual Studio 2013
VisualStudioVersion = 12.0.21005.1
MinimumVisualStudioVersion = 10.0.40219.1
Project("{FAE04EC0-301F-11D3-BF4B-00C04F79EFBC}") = "RMS", "RMS\RMS.csproj", "{046F9364-350B-4224-8D70-D0F1832177C6}"
EndProject
Project("{FAE04EC0-301F-11D3-BF4B-00C04F79EFBC}") = "BusinessLogic", "BusinessLogic\BusinessLogic.csproj", "{8A5A68ED-DE8D-4C95-AA22-5FDE829DA807}"
EndProject
Project("{FAE04EC0-301F-11D3-BF4B-00C04F79EFBC}") = "BusinessObject", "BusinessObject\BusinessObject.csproj", "{113A2FF5-353F-4B2C-AB37-0E4EFC4E0B78}"
EndProject
Project("{FAE04EC0-301F-11D3-BF4B-00C04F79EFBC}") = "DataAccess", "DataAccess\DataAccess.csproj", "{F085B449-C3AA-460F-AA31-54B0099FC213}"
EndProject
Project("{FAE04EC0-301F-11D3-BF4B-00C04F79EFBC}") = "ClassLibrary1", "ClassLibrary1\ClassLibrary1.csproj", "{C06FCB6E-9717-47DC-915F-C4D975071918}"
EndProject
Global
	GlobalSection(SolutionConfigurationPlatforms) = preSolution
		Debug|Any CPU = Debug|Any CPU
		Release|Any CPU = Release|Any CPU
	EndGlobalSection
	GlobalSection(ProjectConfigurationPlatforms) = postSolution
		{046F9364-350B-4224-8D70-D0F1832177C6}.Debug|Any CPU.ActiveCfg = Debug|Any CPU
		{046F9364-350B-4224-8D70-D0F1832177C6}.Debug|Any CPU.Build.0 = Debug|Any CPU
		{046F9364-350B-4224-8D70-D0F1832177C6}.Release|Any CPU.ActiveCfg = Release|Any CPU
		{046F9364-350B-4224-8D70-D0F1832177C6}.Release|Any CPU.Build.0 = Release|Any CPU
		{8A5A68ED-DE8D-4C95-AA22-5FDE829DA807}.Debug|Any CPU.ActiveCfg = Debug|Any CPU
		{8A5A68ED-DE8D-4C95-AA22-5FDE829DA807}.Debug|Any CPU.Build.0 = Debug|Any CPU
		{8A5A68ED-DE8D-4C95-AA22-5FDE829DA807}.Release|Any CPU.ActiveCfg = Release|Any CPU
		{8A5A68ED-DE8D-4C95-AA22-5FDE829DA807}.Release|Any CPU.Build.0 = Release|Any CPU
		{113A2FF5-353F-4B2C-AB37-0E4EFC4E0B78}.Debug|Any CPU.ActiveCfg = Debug|Any CPU
		{113A2FF5-353F-4B2C-AB37-0E4EFC4E0B78}.Debug|Any CPU.Build.0 = Debug|Any CPU
		{113A2FF5-353F-4B2C-AB37-0E4EFC4E0B78}.Release|Any CPU.ActiveCfg = Release|Any CPU
		{113A2FF5-353F-4B2C-AB37-0E4EFC4E0B78}.Release|Any CPU.Build.0 = Release|Any CPU
		{F085B449-C3AA-460F-AA31-54B0099FC213}.Debug|Any CPU.ActiveCfg = Debug|Any CPU
		{F085B449-C3AA-460F-AA31-54B0099FC213}.Debug|Any CPU.Build.0 = Debug|Any CPU
		{F085B449-C3AA-460F-AA31-54B0099FC213}.Release|Any CPU.ActiveCfg = Release|Any CPU
		{F085B449-C3AA-460F-AA31-54B0099FC213}.Release|Any CPU.Build.0 = Release|Any CPU
		{C06FCB6E-9717-47DC-915F-C4D975071918}.Debug|Any CPU.ActiveCfg = Debug|Any CPU
		{C06FCB6E-9717-47DC-915F-C4D975071918}.Debug|Any CPU.Build.0 = Debug|Any CPU
		{C06FCB6E-9717-47DC-915F-C4D975071918}.Release|Any CPU.ActiveCfg = Release|Any CPU
		{C06FCB6E-9717-47DC-915F-C4D975071918}.Release|Any CPU.Build.0 = Release|Any CPU
	EndGlobalSection
	GlobalSection(SolutionProperties) = preSolution
		HideSolutionNode = FALSE
	EndGlobalSection
EndGlobal
